
Microsoft Visual Studio Solution File, Format Version 12.00
# Visual Studio Version 17
VisualStudioVersion = 17.5.33502.453
MinimumVisualStudioVersion = 10.0.40219.1
Project("{FAE04EC0-301F-11D3-BF4B-00C04F79EFBC}") = "Labb 4 Collection Generics", "Labb 4 Collection Generics.csproj", "{06351FB4-3DE9-4CF7-BC06-7A5067C949E0}"
EndProject
Global
	GlobalSection(SolutionConfigurationPlatforms) = preSolution
		Debug|Any CPU = Debug|Any CPU
		Release|Any CPU = Release|Any CPU
	EndGlobalSection
	GlobalSection(ProjectConfigurationPlatforms) = postSolution
		{06351FB4-3DE9-4CF7-BC06-7A5067C949E0}.Debug|Any CPU.ActiveCfg = Debug|Any CPU
		{06351FB4-3DE9-4CF7-BC06-7A5067C949E0}.Debug|Any CPU.Build.0 = Debug|Any CPU
		{06351FB4-3DE9-4CF7-BC06-7A5067C949E0}.Release|Any CPU.ActiveCfg = Release|Any CPU
		{06351FB4-3DE9-4CF7-BC06-7A5067C949E0}.Release|Any CPU.Build.0 = Release|Any CPU
	EndGlobalSection
	GlobalSection(SolutionProperties) = preSolution
		HideSolutionNode = FALSE
	EndGlobalSection
	GlobalSection(ExtensibilityGlobals) = postSolution
		SolutionGuid = {FFE4D6C1-856B-49FA-95D6-78DFA085D063}
	EndGlobalSection
EndGlobal
